
Microsoft Visual Studio Solution File, Format Version 12.00
# Visual Studio Version 17
VisualStudioVersion = 17.12.35707.178 d17.12
MinimumVisualStudioVersion = 10.0.40219.1
Project("{FAE04EC0-301F-11D3-BF4B-00C04F79EFBC}") = "Elevator", "Elevator\Elevator.csproj", "{EEED3391-186E-4DB7-B9F9-94DD7068127A}"
EndProject
Global
	GlobalSection(SolutionConfigurationPlatforms) = preSolution
		Debug|Any CPU = Debug|Any CPU
		Release|Any CPU = Release|Any CPU
	EndGlobalSection
	GlobalSection(ProjectConfigurationPlatforms) = postSolution
		{EEED3391-186E-4DB7-B9F9-94DD7068127A}.Debug|Any CPU.ActiveCfg = Debug|Any CPU
		{EEED3391-186E-4DB7-B9F9-94DD7068127A}.Debug|Any CPU.Build.0 = Debug|Any CPU
		{EEED3391-186E-4DB7-B9F9-94DD7068127A}.Release|Any CPU.ActiveCfg = Release|Any CPU
		{EEED3391-186E-4DB7-B9F9-94DD7068127A}.Release|Any CPU.Build.0 = Release|Any CPU
	EndGlobalSection
	GlobalSection(SolutionProperties) = preSolution
		HideSolutionNode = FALSE
	EndGlobalSection
EndGlobal
